
Microsoft Visual Studio Solution File, Format Version 12.00
# Visual Studio Version 17
VisualStudioVersion = 17.14.36616.10 d17.14
MinimumVisualStudioVersion = 10.0.40219.1
Project("{FAE04EC0-301F-11D3-BF4B-00C04F79EFBC}") = "DBWebApp", "DBWebApp.csproj", "{422FA34A-B59A-A8CA-3B1C-7020EBCDA579}"
EndProject
Global
	GlobalSection(SolutionConfigurationPlatforms) = preSolution
		Debug|Any CPU = Debug|Any CPU
		Release|Any CPU = Release|Any CPU
	EndGlobalSection
	GlobalSection(ProjectConfigurationPlatforms) = postSolution
		{422FA34A-B59A-A8CA-3B1C-7020EBCDA579}.Debug|Any CPU.ActiveCfg = Debug|Any CPU
		{422FA34A-B59A-A8CA-3B1C-7020EBCDA579}.Debug|Any CPU.Build.0 = Debug|Any CPU
		{422FA34A-B59A-A8CA-3B1C-7020EBCDA579}.Release|Any CPU.ActiveCfg = Release|Any CPU
		{422FA34A-B59A-A8CA-3B1C-7020EBCDA579}.Release|Any CPU.Build.0 = Release|Any CPU
	EndGlobalSection
	GlobalSection(SolutionProperties) = preSolution
		HideSolutionNode = FALSE
	EndGlobalSection
	GlobalSection(ExtensibilityGlobals) = postSolution
		SolutionGuid = {6650DFD3-1566-4C64-A4A3-8DB8587C206D}
	EndGlobalSection
EndGlobal
